
Microsoft Visual Studio Solution File, Format Version 12.00
# Visual Studio Version 17
VisualStudioVersion = 17.11.35312.102
MinimumVisualStudioVersion = 10.0.40219.1
Project("{FAE04EC0-301F-11D3-BF4B-00C04F79EFBC}") = "NotificationApp", "NotificationApp.csproj", "{8708CBEF-D377-44BF-87CD-3833D72158B2}"
EndProject
Global
	GlobalSection(SolutionConfigurationPlatforms) = preSolution
		Debug|Any CPU = Debug|Any CPU
		Release|Any CPU = Release|Any CPU
	EndGlobalSection
	GlobalSection(ProjectConfigurationPlatforms) = postSolution
		{8708CBEF-D377-44BF-87CD-3833D72158B2}.Debug|Any CPU.ActiveCfg = Debug|Any CPU
		{8708CBEF-D377-44BF-87CD-3833D72158B2}.Debug|Any CPU.Build.0 = Debug|Any CPU
		{8708CBEF-D377-44BF-87CD-3833D72158B2}.Release|Any CPU.ActiveCfg = Release|Any CPU
		{8708CBEF-D377-44BF-87CD-3833D72158B2}.Release|Any CPU.Build.0 = Release|Any CPU
	EndGlobalSection
	GlobalSection(SolutionProperties) = preSolution
		HideSolutionNode = FALSE
	EndGlobalSection
	GlobalSection(ExtensibilityGlobals) = postSolution
		SolutionGuid = {50C7B963-6070-4234-B8C6-6C3826C5A9A4}
	EndGlobalSection
EndGlobal
